{
  "name": "import-sort-style-absolute",
  "version": "1.0.1",
  "lockfileVersion": 1,
  "requires": true,
  "dependencies": {
    "import-sort-style": {
      "version": "3.0.0",
      "resolved": "https://registry.npmjs.org/import-sort-style/-/import-sort-style-3.0.0.tgz",
      "integrity": "sha512-9YRCAG5euupmPxn4vJ4yFbKpe3fkPOLoAUcqSTjRZAb24Ef/eGx4C7lONlAAKVoIM/ajHKkva1i8dfJzdYrkaw==",
      "dev": true
    },
    "typescript": {
      "version": "2.4.2",
      "resolved": "https://registry.npmjs.org/typescript/-/typescript-2.4.2.tgz",
      "integrity": "sha1-+DlfhdRZJ2BnyYiqQYN6j4KHCEQ=",
      "dev": true
    }
  }
}
